
Microsoft Visual Studio Solution File, Format Version 12.00
# Visual Studio Version 17
VisualStudioVersion = 17.8.34316.72
MinimumVisualStudioVersion = 10.0.40219.1
Project("{FAE04EC0-301F-11D3-BF4B-00C04F79EFBC}") = "bargraph", "bargraph.csproj", "{7A82A4AA-C04E-4BE1-99E8-095184815C53}"
EndProject
Global
	GlobalSection(SolutionConfigurationPlatforms) = preSolution
		Debug|Any CPU = Debug|Any CPU
		Release|Any CPU = Release|Any CPU
	EndGlobalSection
	GlobalSection(ProjectConfigurationPlatforms) = postSolution
		{7A82A4AA-C04E-4BE1-99E8-095184815C53}.Debug|Any CPU.ActiveCfg = Debug|Any CPU
		{7A82A4AA-C04E-4BE1-99E8-095184815C53}.Debug|Any CPU.Build.0 = Debug|Any CPU
		{7A82A4AA-C04E-4BE1-99E8-095184815C53}.Release|Any CPU.ActiveCfg = Release|Any CPU
		{7A82A4AA-C04E-4BE1-99E8-095184815C53}.Release|Any CPU.Build.0 = Release|Any CPU
	EndGlobalSection
	GlobalSection(SolutionProperties) = preSolution
		HideSolutionNode = FALSE
	EndGlobalSection
	GlobalSection(ExtensibilityGlobals) = postSolution
		SolutionGuid = {65D1AB4C-53A7-4D5B-A87A-9923C2E87554}
	EndGlobalSection
EndGlobal
